
Microsoft Visual Studio Solution File, Format Version 12.00
# Visual Studio 14
VisualStudioVersion = 14.0.23107.0
MinimumVisualStudioVersion = 10.0.40219.1
Project("{FAE04EC0-301F-11D3-BF4B-00C04F79EFBC}") = "IrcSays", "IrcSays\IrcSays.csproj", "{AC54B841-CB6D-44A0-88C0-EC6ECC0E190C}"
EndProject
Project("{FAE04EC0-301F-11D3-BF4B-00C04F79EFBC}") = "Xceed.Wpf.Toolkit", "ThirdParty\Xceed.Wpf.Toolkit\Xceed.Wpf.Toolkit.csproj", "{72E591D6-8F83-4D8C-8F67-9C325E623234}"
EndProject
Project("{FAE04EC0-301F-11D3-BF4B-00C04F79EFBC}") = "LogViewer", "LogViewer\LogViewer.csproj", "{B7D8978F-3DBE-412E-A47A-A4FA6172140C}"
EndProject
Global
	GlobalSection(SolutionConfigurationPlatforms) = preSolution
		Debug|Any CPU = Debug|Any CPU
		Release|Any CPU = Release|Any CPU
	EndGlobalSection
	GlobalSection(ProjectConfigurationPlatforms) = postSolution
		{AC54B841-CB6D-44A0-88C0-EC6ECC0E190C}.Debug|Any CPU.ActiveCfg = Debug|Any CPU
		{AC54B841-CB6D-44A0-88C0-EC6ECC0E190C}.Debug|Any CPU.Build.0 = Debug|Any CPU
		{AC54B841-CB6D-44A0-88C0-EC6ECC0E190C}.Release|Any CPU.ActiveCfg = Release|Any CPU
		{AC54B841-CB6D-44A0-88C0-EC6ECC0E190C}.Release|Any CPU.Build.0 = Release|Any CPU
		{72E591D6-8F83-4D8C-8F67-9C325E623234}.Debug|Any CPU.ActiveCfg = Debug|Any CPU
		{72E591D6-8F83-4D8C-8F67-9C325E623234}.Debug|Any CPU.Build.0 = Debug|Any CPU
		{72E591D6-8F83-4D8C-8F67-9C325E623234}.Release|Any CPU.ActiveCfg = Release|Any CPU
		{72E591D6-8F83-4D8C-8F67-9C325E623234}.Release|Any CPU.Build.0 = Release|Any CPU
		{B7D8978F-3DBE-412E-A47A-A4FA6172140C}.Debug|Any CPU.ActiveCfg = Debug|Any CPU
		{B7D8978F-3DBE-412E-A47A-A4FA6172140C}.Debug|Any CPU.Build.0 = Debug|Any CPU
		{B7D8978F-3DBE-412E-A47A-A4FA6172140C}.Release|Any CPU.ActiveCfg = Release|Any CPU
		{B7D8978F-3DBE-412E-A47A-A4FA6172140C}.Release|Any CPU.Build.0 = Release|Any CPU
	EndGlobalSection
	GlobalSection(SolutionProperties) = preSolution
		HideSolutionNode = FALSE
	EndGlobalSection
EndGlobal
